
Microsoft Visual Studio Solution File, Format Version 12.00
# Visual Studio 15
VisualStudioVersion = 15.0.28010.2016
MinimumVisualStudioVersion = 10.0.40219.1
Project("{9A19103F-16F7-4668-BE54-9A1E7A4F7556}") = "sullied", "sullied\sullied.csproj", "{6C9538C4-40EF-4CBA-95C7-06E833392E06}"
EndProject
Project("{FAE04EC0-301F-11D3-BF4B-00C04F79EFBC}") = "sullied-services", "sullied-services\sullied-services.csproj", "{25F1B4D5-3D14-40C8-A185-B801C610817D}"
EndProject
Project("{FAE04EC0-301F-11D3-BF4B-00C04F79EFBC}") = "sullied-data", "sullied-data\sullied-data.csproj", "{5397CA8E-F3C4-43D3-AA93-F122EE90E023}"
EndProject
Global
	GlobalSection(SolutionConfigurationPlatforms) = preSolution
		Debug|Any CPU = Debug|Any CPU
		Release|Any CPU = Release|Any CPU
	EndGlobalSection
	GlobalSection(ProjectConfigurationPlatforms) = postSolution
		{6C9538C4-40EF-4CBA-95C7-06E833392E06}.Debug|Any CPU.ActiveCfg = Debug|Any CPU
		{6C9538C4-40EF-4CBA-95C7-06E833392E06}.Debug|Any CPU.Build.0 = Debug|Any CPU
		{6C9538C4-40EF-4CBA-95C7-06E833392E06}.Release|Any CPU.ActiveCfg = Release|Any CPU
		{6C9538C4-40EF-4CBA-95C7-06E833392E06}.Release|Any CPU.Build.0 = Release|Any CPU
		{25F1B4D5-3D14-40C8-A185-B801C610817D}.Debug|Any CPU.ActiveCfg = Debug|Any CPU
		{25F1B4D5-3D14-40C8-A185-B801C610817D}.Debug|Any CPU.Build.0 = Debug|Any CPU
		{25F1B4D5-3D14-40C8-A185-B801C610817D}.Release|Any CPU.ActiveCfg = Release|Any CPU
		{25F1B4D5-3D14-40C8-A185-B801C610817D}.Release|Any CPU.Build.0 = Release|Any CPU
		{5397CA8E-F3C4-43D3-AA93-F122EE90E023}.Debug|Any CPU.ActiveCfg = Debug|Any CPU
		{5397CA8E-F3C4-43D3-AA93-F122EE90E023}.Debug|Any CPU.Build.0 = Debug|Any CPU
		{5397CA8E-F3C4-43D3-AA93-F122EE90E023}.Release|Any CPU.ActiveCfg = Release|Any CPU
		{5397CA8E-F3C4-43D3-AA93-F122EE90E023}.Release|Any CPU.Build.0 = Release|Any CPU
	EndGlobalSection
	GlobalSection(SolutionProperties) = preSolution
		HideSolutionNode = FALSE
	EndGlobalSection
	GlobalSection(ExtensibilityGlobals) = postSolution
		SolutionGuid = {498A6D5F-C148-4A47-9CF0-034C8F524FF8}
	EndGlobalSection
EndGlobal
